
Microsoft Visual Studio Solution File, Format Version 12.00
# Visual Studio 15
VisualStudioVersion = 15.0.27130.2027
MinimumVisualStudioVersion = 10.0.40219.1
Project("{FAE04EC0-301F-11D3-BF4B-00C04F79EFBC}") = "Host", "Host\Host.csproj", "{E8ADB125-D48E-47FF-A4DB-F29CE02EE466}"
EndProject
Project("{FAE04EC0-301F-11D3-BF4B-00C04F79EFBC}") = "Contracts", "Contracts\Contracts.csproj", "{C76195FF-D358-41F6-A2AF-3BADEA758484}"
EndProject
Project("{FAE04EC0-301F-11D3-BF4B-00C04F79EFBC}") = "Tests", "Tests\Tests.csproj", "{5A9048C4-F20E-45C3-A38D-A068FE93529F}"
EndProject
Project("{FAE04EC0-301F-11D3-BF4B-00C04F79EFBC}") = "BundledPlugin", "BundledPlugin\BundledPlugin.csproj", "{292BAC3B-4A36-4466-8050-6501FEA85AA8}"
EndProject
Project("{2150E333-8FDC-42A3-9474-1A3956D46DE8}") = "Test", "Test", "{EC9AA20B-13E3-4519-9BE5-893FA30E98E4}"
EndProject
Project("{FAE04EC0-301F-11D3-BF4B-00C04F79EFBC}") = "Tests.BundledPlugin", "Tests.BundledPlugin\Tests.BundledPlugin.csproj", "{D878C28B-382E-42E1-A544-800C70EE71A4}"
EndProject
Global
	GlobalSection(SolutionConfigurationPlatforms) = preSolution
		Debug|Any CPU = Debug|Any CPU
		Release|Any CPU = Release|Any CPU
	EndGlobalSection
	GlobalSection(ProjectConfigurationPlatforms) = postSolution
		{E8ADB125-D48E-47FF-A4DB-F29CE02EE466}.Debug|Any CPU.ActiveCfg = Debug|Any CPU
		{E8ADB125-D48E-47FF-A4DB-F29CE02EE466}.Debug|Any CPU.Build.0 = Debug|Any CPU
		{E8ADB125-D48E-47FF-A4DB-F29CE02EE466}.Release|Any CPU.ActiveCfg = Release|Any CPU
		{E8ADB125-D48E-47FF-A4DB-F29CE02EE466}.Release|Any CPU.Build.0 = Release|Any CPU
		{C76195FF-D358-41F6-A2AF-3BADEA758484}.Debug|Any CPU.ActiveCfg = Debug|Any CPU
		{C76195FF-D358-41F6-A2AF-3BADEA758484}.Debug|Any CPU.Build.0 = Debug|Any CPU
		{C76195FF-D358-41F6-A2AF-3BADEA758484}.Release|Any CPU.ActiveCfg = Release|Any CPU
		{C76195FF-D358-41F6-A2AF-3BADEA758484}.Release|Any CPU.Build.0 = Release|Any CPU
		{5A9048C4-F20E-45C3-A38D-A068FE93529F}.Debug|Any CPU.ActiveCfg = Debug|Any CPU
		{5A9048C4-F20E-45C3-A38D-A068FE93529F}.Debug|Any CPU.Build.0 = Debug|Any CPU
		{5A9048C4-F20E-45C3-A38D-A068FE93529F}.Release|Any CPU.ActiveCfg = Release|Any CPU
		{5A9048C4-F20E-45C3-A38D-A068FE93529F}.Release|Any CPU.Build.0 = Release|Any CPU
		{292BAC3B-4A36-4466-8050-6501FEA85AA8}.Debug|Any CPU.ActiveCfg = Debug|Any CPU
		{292BAC3B-4A36-4466-8050-6501FEA85AA8}.Debug|Any CPU.Build.0 = Debug|Any CPU
		{292BAC3B-4A36-4466-8050-6501FEA85AA8}.Release|Any CPU.ActiveCfg = Release|Any CPU
		{292BAC3B-4A36-4466-8050-6501FEA85AA8}.Release|Any CPU.Build.0 = Release|Any CPU
		{D878C28B-382E-42E1-A544-800C70EE71A4}.Debug|Any CPU.ActiveCfg = Debug|Any CPU
		{D878C28B-382E-42E1-A544-800C70EE71A4}.Debug|Any CPU.Build.0 = Debug|Any CPU
		{D878C28B-382E-42E1-A544-800C70EE71A4}.Release|Any CPU.ActiveCfg = Release|Any CPU
		{D878C28B-382E-42E1-A544-800C70EE71A4}.Release|Any CPU.Build.0 = Release|Any CPU
	EndGlobalSection
	GlobalSection(SolutionProperties) = preSolution
		HideSolutionNode = FALSE
	EndGlobalSection
	GlobalSection(NestedProjects) = preSolution
		{5A9048C4-F20E-45C3-A38D-A068FE93529F} = {EC9AA20B-13E3-4519-9BE5-893FA30E98E4}
		{D878C28B-382E-42E1-A544-800C70EE71A4} = {EC9AA20B-13E3-4519-9BE5-893FA30E98E4}
	EndGlobalSection
	GlobalSection(ExtensibilityGlobals) = postSolution
		SolutionGuid = {A1D3B0B3-CFE8-49CB-B22F-9E04940CBA8C}
	EndGlobalSection
EndGlobal
